
Microsoft Visual Studio Solution File, Format Version 12.00
# Visual Studio Version 17
VisualStudioVersion = 17.11.35312.102
MinimumVisualStudioVersion = 10.0.40219.1
Project("{FAE04EC0-301F-11D3-BF4B-00C04F79EFBC}") = "Kapanıs_Week2", "Kapanıs_Week2\Kapanıs_Week2.csproj", "{F5C2DF5F-27DC-4016-983B-1BBDABD51CEB}"
EndProject
Global
	GlobalSection(SolutionConfigurationPlatforms) = preSolution
		Debug|Any CPU = Debug|Any CPU
		Release|Any CPU = Release|Any CPU
	EndGlobalSection
	GlobalSection(ProjectConfigurationPlatforms) = postSolution
		{F5C2DF5F-27DC-4016-983B-1BBDABD51CEB}.Debug|Any CPU.ActiveCfg = Debug|Any CPU
		{F5C2DF5F-27DC-4016-983B-1BBDABD51CEB}.Debug|Any CPU.Build.0 = Debug|Any CPU
		{F5C2DF5F-27DC-4016-983B-1BBDABD51CEB}.Release|Any CPU.ActiveCfg = Release|Any CPU
		{F5C2DF5F-27DC-4016-983B-1BBDABD51CEB}.Release|Any CPU.Build.0 = Release|Any CPU
	EndGlobalSection
	GlobalSection(SolutionProperties) = preSolution
		HideSolutionNode = FALSE
	EndGlobalSection
	GlobalSection(ExtensibilityGlobals) = postSolution
		SolutionGuid = {E1B85100-48AC-4DC0-84A6-CBD246C55B25}
	EndGlobalSection
EndGlobal
